
Microsoft Visual Studio Solution File, Format Version 12.00
Project("{FAE04EC0-301F-11D3-BF4B-00C04F79EFBC}") = "ApiGateway", "ApiGateway\ApiGateway.csproj", "{F28EC209-FA67-4BBA-A60F-B8C0E68AD21F}"
EndProject
Project("{FAE04EC0-301F-11D3-BF4B-00C04F79EFBC}") = "Identity.Contracts", "..\Identity.Contracts\Identity.Contracts.csproj", "{D84D9E72-A3C6-449E-AFCA-9A6DC6A4B87F}"
EndProject
Global
	GlobalSection(SolutionConfigurationPlatforms) = preSolution
		Debug|Any CPU = Debug|Any CPU
		Release|Any CPU = Release|Any CPU
	EndGlobalSection
	GlobalSection(ProjectConfigurationPlatforms) = postSolution
		{F28EC209-FA67-4BBA-A60F-B8C0E68AD21F}.Debug|Any CPU.ActiveCfg = Debug|Any CPU
		{F28EC209-FA67-4BBA-A60F-B8C0E68AD21F}.Debug|Any CPU.Build.0 = Debug|Any CPU
		{F28EC209-FA67-4BBA-A60F-B8C0E68AD21F}.Release|Any CPU.ActiveCfg = Release|Any CPU
		{F28EC209-FA67-4BBA-A60F-B8C0E68AD21F}.Release|Any CPU.Build.0 = Release|Any CPU
		{D84D9E72-A3C6-449E-AFCA-9A6DC6A4B87F}.Debug|Any CPU.ActiveCfg = Debug|Any CPU
		{D84D9E72-A3C6-449E-AFCA-9A6DC6A4B87F}.Debug|Any CPU.Build.0 = Debug|Any CPU
		{D84D9E72-A3C6-449E-AFCA-9A6DC6A4B87F}.Release|Any CPU.ActiveCfg = Release|Any CPU
		{D84D9E72-A3C6-449E-AFCA-9A6DC6A4B87F}.Release|Any CPU.Build.0 = Release|Any CPU
	EndGlobalSection
EndGlobal
